# Run ./gradlew --write-locks to regenerate this file
npm:ansi-regex:3.0.0 (1 constraints: 2a07d863)
npm:arr-diff:4.0.0 (2 constraints: 210eee60)
npm:arr-flatten:1.1.0 (1 constraints: 8f052041)
npm:arr-union:3.1.0 (3 constraints: e2135ea5)
npm:array-differ:1.0.0 (1 constraints: 56075d66)
npm:array-union:1.0.1 (2 constraints: f40c6229)
npm:array-uniq:1.0.1 (1 constraints: 9407076d)
npm:array-unique:0.3.2 (4 constraints: ca19ce68)
npm:arrify:1.0.1 (2 constraints: 840d9443)
npm:atob:2.0.0 (1 constraints: 480a72b9)
npm:balanced-match:0.4.1 (1 constraints: 21093295)
npm:base:0.11.1 (1 constraints: 7d07f46c)
npm:brace-expansion:1.1.7 (1 constraints: e006a75b)
npm:braces:2.3.0 (1 constraints: 49073465)
npm:cache-base:0.8.4 (1 constraints: c4043132)
npm:class-utils:0.3.4 (1 constraints: bf042232)
npm:cliui:4.0.0 (1 constraints: 4705143b)
npm:code-block-writer:7.2.0 (1 constraints: 3908c67e)
npm:collection-visit:0.2.1 (1 constraints: dc06df5e)
npm:commander:2.19.0 (1 constraints: 3e054a3b)
npm:component-emitter:1.2.1 (2 constraints: 980bd2fd)
npm:concat-map:0.0.1 (1 constraints: 1d092695)
npm:conjure-api:4.14.1 (1 constraints: 3c05483b)
npm:conjure-client:2.4.1 (1 constraints: 09050236)
npm:cross-spawn:6.0.0 (1 constraints: 2905b539)
npm:debug:2.3.3 (2 constraints: 6e1056cd)
npm:decamelize:1.1.1 (1 constraints: 4605093b)
npm:define-property:1.0.0 (12 constraints: b952a7c5)
npm:dir-glob:2.0.0 (1 constraints: 9e05de41)
npm:dsherret/to-absolute-glob:2.0.2 (1 constraints: 3408a97e)
npm:end-of-stream:1.1.0 (1 constraints: e104ef33)
npm:execa:1.0.0 (1 constraints: 9d061f58)
npm:expand-brackets:2.1.4 (1 constraints: 1906e34a)
npm:extend-shallow:2.0.1 (11 constraints: ef4cd8ea)
npm:extglob:2.0.2 (1 constraints: 48072d65)
npm:fast-glob:2.0.2 (1 constraints: a005e041)
npm:fill-range:4.0.0 (1 constraints: 91052c41)
npm:find-up:2.1.0 (1 constraints: 46050d3b)
npm:for-in:0.1.4 (1 constraints: 12074762)
npm:fragment-cache:0.2.1 (3 constraints: 33142abd)
npm:fs-extra:6.0.1 (2 constraints: 3d0d6b37)
npm:fs.realpath:1.0.0 (1 constraints: c2049532)
npm:get-caller-file:1.0.1 (1 constraints: 4505063b)
npm:get-stream:4.0.0 (1 constraints: 2705ab39)
npm:get-value:2.0.5 (3 constraints: 1a158100)
npm:glob:7.1.2 (1 constraints: a605fc41)
npm:glob-parent:3.1.0 (2 constraints: d30e3383)
npm:glob-to-regexp:0.4.1 (1 constraints: cb0dfb39)
npm:globby:8.0.1 (1 constraints: 3908c67e)
npm:graceful-fs:4.1.6 (2 constraints: cf0ce427)
npm:has-value:0.3.1 (2 constraints: 750e5471)
npm:has-values:0.1.4 (1 constraints: a8064f58)
npm:ignore:3.3.5 (1 constraints: a705f141)
npm:inflight:1.0.4 (1 constraints: c6049932)
npm:inherits:2.0.4 (3 constraints: eb0dbd65)
npm:invert-kv:2.0.0 (1 constraints: bb044132)
npm:is-absolute:1.0.0 (1 constraints: ee0caa18)
npm:is-accessor-descriptor:0.1.6 (1 constraints: 6c088280)
npm:is-data-descriptor:0.1.4 (1 constraints: 6a088080)
npm:is-descriptor:1.0.0 (1 constraints: 3b09e896)
npm:is-extendable:0.1.1 (3 constraints: 6c17fda2)
npm:is-extglob:2.1.0 (1 constraints: cd05f246)
npm:is-fullwidth-code-point:2.0.0 (1 constraints: 03083178)
npm:is-glob:3.1.0 (1 constraints: 7c073e6b)
npm:is-negated-glob:1.0.0 (2 constraints: 1e156de7)
npm:is-number:3.0.0 (3 constraints: e414e9fa)
npm:is-odd:1.0.0 (1 constraints: d706815b)
npm:is-relative:1.0.0 (1 constraints: 8607886b)
npm:is-stream:1.1.0 (1 constraints: 25059f39)
npm:is-unc-path:1.0.0 (1 constraints: 83079a6b)
npm:is-windows:1.0.1 (1 constraints: 8707896b)
npm:isarray:1.0.0 (1 constraints: 6b048a2c)
npm:isexe:1.1.1 (1 constraints: 3305423a)
npm:isobject:3.0.1 (11 constraints: 8e4ae3e0)
npm:jsdevtools/file-path-filter:3.0.2 (1 constraints: dc0d413c)
npm:jsdevtools/readdir-enhanced:6.0.4 (1 constraints: 65097b9f)
npm:jsonfile:4.0.0 (1 constraints: 4b062f50)
npm:kind-of:6.0.0 (8 constraints: 1645dad7)
npm:lazy-cache:2.0.2 (7 constraints: 62301c37)
npm:lcid:2.0.0 (1 constraints: 9e062458)
npm:locate-path:2.0.0 (1 constraints: d2056a47)
npm:lodash:4.17.21 (1 constraints: 0f08fd8d)
npm:lru-cache:6.0.0 (1 constraints: b505f542)
npm:map-age-cleaner:0.1.1 (1 constraints: 5e04df2b)
npm:map-cache:0.2.2 (2 constraints: e30f98b4)
npm:map-visit:0.1.3 (1 constraints: a90926a4)
npm:mem:4.0.0 (1 constraints: a0062e58)
npm:merge2:1.2.1 (1 constraints: a0064958)
npm:micromatch:3.1.5 (1 constraints: a5065458)
npm:mimic-fn:1.0.0 (1 constraints: 5d04e02b)
npm:minimatch:3.0.4 (2 constraints: 1f0cfa06)
npm:mixin-deep:1.1.3 (1 constraints: bd042032)
npm:mkdirp:1.0.4 (1 constraints: 3d07866f)
npm:ms:0.7.2 (1 constraints: 2d058739)
npm:multimatch:2.1.0 (1 constraints: 3308aa7e)
npm:nanomatch:1.2.5 (1 constraints: 4c073165)
npm:nice-try:1.0.4 (1 constraints: a207c46d)
npm:npm-run-path:2.0.0 (1 constraints: 2505a139)
npm:object-assign:4.1.1 (1 constraints: 3608b57e)
npm:object-visit:0.2.1 (2 constraints: 5f10d3d1)
npm:object.pick:1.3.0 (2 constraints: 210ee260)
npm:once:1.3.1 (4 constraints: 2f18f813)
npm:os-locale:3.1.0 (1 constraints: 4705123b)
npm:p-defer:1.0.0 (1 constraints: bd08ed8e)
npm:p-finally:1.0.0 (1 constraints: 24059c39)
npm:p-is-promise:1.1.0 (1 constraints: 5e04e32b)
npm:p-limit:1.1.0 (1 constraints: 3406f34e)
npm:p-locate:2.0.0 (1 constraints: 71075d6b)
npm:pascalcase:0.1.1 (1 constraints: ba041932)
npm:path:0.12.7 (1 constraints: 3c05303b)
npm:path-dirname:1.0.2 (2 constraints: 7d0c9219)
npm:path-exists:3.0.0 (1 constraints: 7207626b)
npm:path-is-absolute:1.0.0 (1 constraints: c2049532)
npm:path-key:2.0.1 (2 constraints: 650f5ba0)
npm:path-type:3.0.0 (1 constraints: 30060f4f)
npm:pify:3.0.0 (2 constraints: 5a0c5017)
npm:posix-character-classes:0.1.0 (1 constraints: 1a09d495)
npm:process:0.11.1 (1 constraints: fd04f837)
npm:pump:3.0.0 (1 constraints: 19072a62)
npm:readdir-enhanced:6.0.4 (2 constraints: 411de8bd)
npm:regex-not:1.0.0 (5 constraints: 8e231859)
npm:repeat-element:1.1.2 (1 constraints: 91052241)
npm:repeat-string:1.6.1 (2 constraints: 8f0f85a6)
npm:require-directory:2.1.1 (1 constraints: 47050e3b)
npm:require-main-filename:1.0.1 (1 constraints: 4505063b)
npm:resolve-url:0.2.1 (1 constraints: 490a6fb9)
npm:semver:7.3.5 (2 constraints: f20ef58c)
npm:set-blocking:2.0.0 (1 constraints: 45050a3b)
npm:set-getter:0.1.0 (1 constraints: ff065b61)
npm:set-value:0.3.3 (2 constraints: 740e2171)
npm:shebang-command:1.2.0 (1 constraints: a007c66d)
npm:shebang-regex:1.0.0 (1 constraints: 0209a294)
npm:signal-exit:3.0.0 (1 constraints: 2605a639)
npm:slash:1.0.0 (1 constraints: 9d05d941)
npm:sls-version:1.1.1 (1 constraints: 0505f435)
npm:snapdragon:0.8.1 (5 constraints: fb22daee)
npm:snapdragon-node:2.0.1 (1 constraints: 90052341)
npm:snapdragon-util:3.0.0 (1 constraints: 20097c97)
npm:source-map:0.5.6 (1 constraints: 55078565)
npm:source-map-resolve:0.5.0 (1 constraints: 4f077f65)
npm:source-map-url:0.4.0 (1 constraints: 4a0a74b9)
npm:split-string:3.0.2 (1 constraints: 92052941)
npm:static-extend:0.1.1 (1 constraints: 9307ba6c)
npm:string-width:2.1.1 (3 constraints: 2b11a117)
npm:strip-ansi:4.0.0 (2 constraints: 3b0dc934)
npm:strip-eof:1.0.0 (1 constraints: 24059c39)
npm:to-object-path:0.3.0 (3 constraints: b31496ec)
npm:to-regex:3.0.1 (5 constraints: e22248ea)
npm:to-regex-range:2.1.0 (1 constraints: 01071061)
npm:ts-simple-ast:11.3.0 (1 constraints: 3705353b)
npm:tslib:1.9.3 (2 constraints: 480d4638)
npm:typescript:2.8.3 (1 constraints: 3d08c27e)
npm:unc-path-regex:0.1.2 (1 constraints: 49077268)
npm:union-value:0.2.3 (1 constraints: de06e15e)
npm:universalify:0.1.0 (1 constraints: 48061e50)
npm:unset-value:0.1.1 (1 constraints: db06dc5e)
npm:urix:0.1.0 (1 constraints: 470a6bb9)
npm:use:2.0.0 (1 constraints: 4c077a65)
npm:util:0.10.3 (1 constraints: fe04f737)
npm:web-streams-polyfill:2.0.6 (1 constraints: c708f58b)
npm:which:1.2.9 (1 constraints: a907cf6d)
npm:which-module:2.0.0 (1 constraints: 45050a3b)
npm:wrap-ansi:2.0.0 (1 constraints: 35052f3a)
npm:wrappy:1.0.2 (3 constraints: c10e7371)
npm:y18n:3.2.1 (1 constraints: 4905163b)
npm:yallist:4.0.0 (1 constraints: 9506e057)
npm:yargs:11.1.1 (1 constraints: 3605303b)
npm:yargs-parser:20.2.7 (2 constraints: 8a0aa1d4)
